
Microsoft Visual Studio Solution File, Format Version 12.00
# Visual Studio Version 16
VisualStudioVersion = 16.0.30413.136
MinimumVisualStudioVersion = 10.0.40219.1
Project("{FAE04EC0-301F-11D3-BF4B-00C04F79EFBC}") = "ClassLibrary1", "ClassLibrary1\ClassLibrary1.csproj", "{DAECB006-CE4F-4549-AFEA-1F4F189AC902}"
EndProject
Global
	GlobalSection(SolutionConfigurationPlatforms) = preSolution
		Debug|Any CPU = Debug|Any CPU
		Release|Any CPU = Release|Any CPU
	EndGlobalSection
	GlobalSection(ProjectConfigurationPlatforms) = postSolution
		{DAECB006-CE4F-4549-AFEA-1F4F189AC902}.Debug|Any CPU.ActiveCfg = Debug|Any CPU
		{DAECB006-CE4F-4549-AFEA-1F4F189AC902}.Debug|Any CPU.Build.0 = Debug|Any CPU
		{DAECB006-CE4F-4549-AFEA-1F4F189AC902}.Release|Any CPU.ActiveCfg = Release|Any CPU
		{DAECB006-CE4F-4549-AFEA-1F4F189AC902}.Release|Any CPU.Build.0 = Release|Any CPU
	EndGlobalSection
	GlobalSection(SolutionProperties) = preSolution
		HideSolutionNode = FALSE
	EndGlobalSection
	GlobalSection(ExtensibilityGlobals) = postSolution
		SolutionGuid = {635F98E7-CF6E-4BD4-9D3F-5BEC08D2D83A}
	EndGlobalSection
EndGlobal
