
Microsoft Visual Studio Solution File, Format Version 12.00
# Visual Studio Version 16
VisualStudioVersion = 16.0.30413.136
MinimumVisualStudioVersion = 10.0.40219.1
Project("{FAE04EC0-301F-11D3-BF4B-00C04F79EFBC}") = "chapter5Example", "chapter5Example.csproj", "{2E91E319-6916-4D7E-B0B6-FEDE897C6E2C}"
EndProject
Global
	GlobalSection(SolutionConfigurationPlatforms) = preSolution
		Debug|Any CPU = Debug|Any CPU
		Release|Any CPU = Release|Any CPU
	EndGlobalSection
	GlobalSection(ProjectConfigurationPlatforms) = postSolution
		{2E91E319-6916-4D7E-B0B6-FEDE897C6E2C}.Debug|Any CPU.ActiveCfg = Debug|Any CPU
		{2E91E319-6916-4D7E-B0B6-FEDE897C6E2C}.Debug|Any CPU.Build.0 = Debug|Any CPU
		{2E91E319-6916-4D7E-B0B6-FEDE897C6E2C}.Release|Any CPU.ActiveCfg = Release|Any CPU
		{2E91E319-6916-4D7E-B0B6-FEDE897C6E2C}.Release|Any CPU.Build.0 = Release|Any CPU
	EndGlobalSection
	GlobalSection(SolutionProperties) = preSolution
		HideSolutionNode = FALSE
	EndGlobalSection
	GlobalSection(ExtensibilityGlobals) = postSolution
		SolutionGuid = {DEB86427-062D-45BA-8F7B-9F68F628325E}
	EndGlobalSection
EndGlobal
